
Microsoft Visual Studio Solution File, Format Version 12.00
# Visual Studio 15
VisualStudioVersion = 15.0.27703.2035
MinimumVisualStudioVersion = 10.0.40219.1
Project("{FAE04EC0-301F-11D3-BF4B-00C04F79EFBC}") = "EcsCore", "EcsCore\EcsCore.csproj", "{18A7C858-B396-49DB-BF7B-3335C872EB20}"
EndProject
Global
	GlobalSection(SolutionConfigurationPlatforms) = preSolution
		Debug|Any CPU = Debug|Any CPU
		Release|Any CPU = Release|Any CPU
	EndGlobalSection
	GlobalSection(ProjectConfigurationPlatforms) = postSolution
		{18A7C858-B396-49DB-BF7B-3335C872EB20}.Debug|Any CPU.ActiveCfg = Debug|Any CPU
		{18A7C858-B396-49DB-BF7B-3335C872EB20}.Debug|Any CPU.Build.0 = Debug|Any CPU
		{18A7C858-B396-49DB-BF7B-3335C872EB20}.Release|Any CPU.ActiveCfg = Release|Any CPU
		{18A7C858-B396-49DB-BF7B-3335C872EB20}.Release|Any CPU.Build.0 = Release|Any CPU
	EndGlobalSection
	GlobalSection(SolutionProperties) = preSolution
		HideSolutionNode = FALSE
	EndGlobalSection
	GlobalSection(ExtensibilityGlobals) = postSolution
		SolutionGuid = {4C51AB1B-1C24-4915-A898-A425C7670537}
	EndGlobalSection
EndGlobal
